
Microsoft Visual Studio Solution File, Format Version 12.00
# Visual Studio 15
VisualStudioVersion = 15.0.27428.2005
MinimumVisualStudioVersion = 10.0.40219.1
Project("{FAE04EC0-301F-11D3-BF4B-00C04F79EFBC}") = "Autofac_Asp.net_Core_2.0", "Autofac_Asp.net_Core_2.0\Autofac_Asp.net_Core_2.0.csproj", "{3EBC5883-F219-4F06-BB32-D191FA30684D}"
EndProject
Project("{FAE04EC0-301F-11D3-BF4B-00C04F79EFBC}") = "Service", "Service\Service.csproj", "{F5619145-725F-4DBB-91DD-027E07F9CC87}"
EndProject
Global
	GlobalSection(SolutionConfigurationPlatforms) = preSolution
		Debug|Any CPU = Debug|Any CPU
		Release|Any CPU = Release|Any CPU
	EndGlobalSection
	GlobalSection(ProjectConfigurationPlatforms) = postSolution
		{3EBC5883-F219-4F06-BB32-D191FA30684D}.Debug|Any CPU.ActiveCfg = Debug|Any CPU
		{3EBC5883-F219-4F06-BB32-D191FA30684D}.Debug|Any CPU.Build.0 = Debug|Any CPU
		{3EBC5883-F219-4F06-BB32-D191FA30684D}.Release|Any CPU.ActiveCfg = Release|Any CPU
		{3EBC5883-F219-4F06-BB32-D191FA30684D}.Release|Any CPU.Build.0 = Release|Any CPU
		{F5619145-725F-4DBB-91DD-027E07F9CC87}.Debug|Any CPU.ActiveCfg = Debug|Any CPU
		{F5619145-725F-4DBB-91DD-027E07F9CC87}.Debug|Any CPU.Build.0 = Debug|Any CPU
		{F5619145-725F-4DBB-91DD-027E07F9CC87}.Release|Any CPU.ActiveCfg = Release|Any CPU
		{F5619145-725F-4DBB-91DD-027E07F9CC87}.Release|Any CPU.Build.0 = Release|Any CPU
	EndGlobalSection
	GlobalSection(SolutionProperties) = preSolution
		HideSolutionNode = FALSE
	EndGlobalSection
	GlobalSection(ExtensibilityGlobals) = postSolution
		SolutionGuid = {BEDDB731-2178-4631-8F60-096E3CA12E24}
	EndGlobalSection
EndGlobal
